
Microsoft Visual Studio Solution File, Format Version 12.00
# Visual Studio Version 17
VisualStudioVersion = 17.1.32210.238
MinimumVisualStudioVersion = 10.0.40219.1
Project("{9A19103F-16F7-4668-BE54-9A1E7A4F7556}") = "API", "API\API.csproj", "{778135DB-2A3D-4F5A-8E26-A8EBE8C22163}"
EndProject
Project("{00D1A9C2-B5F0-4AF3-8072-F6C62B433612}") = "DB", "DB\DB.sqlproj", "{D8E3FE0C-C8C0-411C-B511-2B9578B0F713}"
EndProject
Project("{FAE04EC0-301F-11D3-BF4B-00C04F79EFBC}") = "Tools.DBConnections", "Tools.DBConnections\Tools.DBConnections.csproj", "{9D05C4B3-27C2-4A80-81EF-119A0CA6A79A}"
EndProject
Project("{FAE04EC0-301F-11D3-BF4B-00C04F79EFBC}") = "DAL", "DAL\DAL.csproj", "{A3F11BE4-0560-4A51-B76C-2E977DD59A7B}"
EndProject
Global
	GlobalSection(SolutionConfigurationPlatforms) = preSolution
		Debug|Any CPU = Debug|Any CPU
		Release|Any CPU = Release|Any CPU
	EndGlobalSection
	GlobalSection(ProjectConfigurationPlatforms) = postSolution
		{778135DB-2A3D-4F5A-8E26-A8EBE8C22163}.Debug|Any CPU.ActiveCfg = Debug|Any CPU
		{778135DB-2A3D-4F5A-8E26-A8EBE8C22163}.Debug|Any CPU.Build.0 = Debug|Any CPU
		{778135DB-2A3D-4F5A-8E26-A8EBE8C22163}.Release|Any CPU.ActiveCfg = Release|Any CPU
		{778135DB-2A3D-4F5A-8E26-A8EBE8C22163}.Release|Any CPU.Build.0 = Release|Any CPU
		{D8E3FE0C-C8C0-411C-B511-2B9578B0F713}.Debug|Any CPU.ActiveCfg = Debug|Any CPU
		{D8E3FE0C-C8C0-411C-B511-2B9578B0F713}.Debug|Any CPU.Build.0 = Debug|Any CPU
		{D8E3FE0C-C8C0-411C-B511-2B9578B0F713}.Debug|Any CPU.Deploy.0 = Debug|Any CPU
		{D8E3FE0C-C8C0-411C-B511-2B9578B0F713}.Release|Any CPU.ActiveCfg = Release|Any CPU
		{D8E3FE0C-C8C0-411C-B511-2B9578B0F713}.Release|Any CPU.Build.0 = Release|Any CPU
		{D8E3FE0C-C8C0-411C-B511-2B9578B0F713}.Release|Any CPU.Deploy.0 = Release|Any CPU
		{9D05C4B3-27C2-4A80-81EF-119A0CA6A79A}.Debug|Any CPU.ActiveCfg = Debug|Any CPU
		{9D05C4B3-27C2-4A80-81EF-119A0CA6A79A}.Debug|Any CPU.Build.0 = Debug|Any CPU
		{9D05C4B3-27C2-4A80-81EF-119A0CA6A79A}.Release|Any CPU.ActiveCfg = Release|Any CPU
		{9D05C4B3-27C2-4A80-81EF-119A0CA6A79A}.Release|Any CPU.Build.0 = Release|Any CPU
		{A3F11BE4-0560-4A51-B76C-2E977DD59A7B}.Debug|Any CPU.ActiveCfg = Debug|Any CPU
		{A3F11BE4-0560-4A51-B76C-2E977DD59A7B}.Debug|Any CPU.Build.0 = Debug|Any CPU
		{A3F11BE4-0560-4A51-B76C-2E977DD59A7B}.Release|Any CPU.ActiveCfg = Release|Any CPU
		{A3F11BE4-0560-4A51-B76C-2E977DD59A7B}.Release|Any CPU.Build.0 = Release|Any CPU
	EndGlobalSection
	GlobalSection(SolutionProperties) = preSolution
		HideSolutionNode = FALSE
	EndGlobalSection
	GlobalSection(ExtensibilityGlobals) = postSolution
		SolutionGuid = {4645D1B4-816C-4E82-8AD4-5AE746DD8E64}
	EndGlobalSection
EndGlobal
